
Microsoft Visual Studio Solution File, Format Version 12.00
# Visual Studio 15
VisualStudioVersion = 15.0.27703.2047
MinimumVisualStudioVersion = 10.0.40219.1
Project("{8BC9CEB8-8B4A-11D0-8D11-00A0C91BC942}") = "Onitama_2.0", "Onitama_2.0\Onitama_2.0.vcxproj", "{D88B5200-E598-478B-B183-C2E44DD5CFC8}"
EndProject
Global
	GlobalSection(SolutionConfigurationPlatforms) = preSolution
		Debug|x64 = Debug|x64
		Debug|x86 = Debug|x86
		Release|x64 = Release|x64
		Release|x86 = Release|x86
	EndGlobalSection
	GlobalSection(ProjectConfigurationPlatforms) = postSolution
		{D88B5200-E598-478B-B183-C2E44DD5CFC8}.Debug|x64.ActiveCfg = Debug|x64
		{D88B5200-E598-478B-B183-C2E44DD5CFC8}.Debug|x64.Build.0 = Debug|x64
		{D88B5200-E598-478B-B183-C2E44DD5CFC8}.Debug|x86.ActiveCfg = Debug|Win32
		{D88B5200-E598-478B-B183-C2E44DD5CFC8}.Debug|x86.Build.0 = Debug|Win32
		{D88B5200-E598-478B-B183-C2E44DD5CFC8}.Release|x64.ActiveCfg = Release|x64
		{D88B5200-E598-478B-B183-C2E44DD5CFC8}.Release|x64.Build.0 = Release|x64
		{D88B5200-E598-478B-B183-C2E44DD5CFC8}.Release|x86.ActiveCfg = Release|Win32
		{D88B5200-E598-478B-B183-C2E44DD5CFC8}.Release|x86.Build.0 = Release|Win32
	EndGlobalSection
	GlobalSection(SolutionProperties) = preSolution
		HideSolutionNode = FALSE
	EndGlobalSection
	GlobalSection(ExtensibilityGlobals) = postSolution
		SolutionGuid = {12057E39-552A-4C06-89F3-9C4B7F40B55B}
	EndGlobalSection
EndGlobal
